
Microsoft Visual Studio Solution File, Format Version 12.00
# Visual Studio Version 17
VisualStudioVersion = 17.14.36717.8
MinimumVisualStudioVersion = 10.0.40219.1
Project("{FAE04EC0-301F-11D3-BF4B-00C04F79EFBC}") = "BlazorWebAssemblyApp", "BlazorWebAssemblyApp\BlazorWebAssemblyApp.csproj", "{62327061-B1EF-BB06-DAB1-31EA90CC6FA2}"
EndProject
Project("{FAE04EC0-301F-11D3-BF4B-00C04F79EFBC}") = "Domain", "Domain\Domain.csproj", "{8C641348-B0A4-45C6-9C55-83DF20C622AE}"
EndProject
Project("{FAE04EC0-301F-11D3-BF4B-00C04F79EFBC}") = "Api", "Api\Api.csproj", "{CA34CA62-29FA-4F28-ABDB-FF50796C38DC}"
EndProject
Project("{FAE04EC0-301F-11D3-BF4B-00C04F79EFBC}") = "Infrastructure", "Infrastructure\Infrastructure.csproj", "{F1DEFC17-7B2E-4255-A538-3F77067B84EB}"
EndProject
Project("{2150E333-8FDC-42A3-9474-1A3956D46DE8}") = "MudBlazorWebAssemblyApp", "MudBlazorWebAssemblyApp", "{9377C9A4-9916-DFE0-3E54-770A1315010C}"
EndProject
Project("{FAE04EC0-301F-11D3-BF4B-00C04F79EFBC}") = "MudBlazorWebAssemblyApp", "MudBlazorWebAssemblyApp\MudBlazorWebAssemblyApp\MudBlazorWebAssemblyApp.csproj", "{F221FE1D-C657-408C-9F4A-F9C0DFB8EF61}"
EndProject
Project("{FAE04EC0-301F-11D3-BF4B-00C04F79EFBC}") = "MudBlazorWebAssemblyApp.Client", "MudBlazorWebAssemblyApp\MudBlazorWebAssemblyApp.Client\MudBlazorWebAssemblyApp.Client.csproj", "{B95CD4CB-CF98-40D6-96BC-C5911447B7E7}"
EndProject
Project("{FAE04EC0-301F-11D3-BF4B-00C04F79EFBC}") = "Application", "Application\Application.csproj", "{7447E9BB-417B-41EC-8229-D1FD0DC5E679}"
EndProject
Project("{FAE04EC0-301F-11D3-BF4B-00C04F79EFBC}") = "ConsoleApp", "ConsoleApp\ConsoleApp.csproj", "{D1482F7D-73F9-4BD0-B95D-34A2F7748EC3}"
EndProject
Global
	GlobalSection(SolutionConfigurationPlatforms) = preSolution
		Debug|Any CPU = Debug|Any CPU
		Debug|x64 = Debug|x64
		Debug|x86 = Debug|x86
		Release|Any CPU = Release|Any CPU
		Release|x64 = Release|x64
		Release|x86 = Release|x86
	EndGlobalSection
	GlobalSection(ProjectConfigurationPlatforms) = postSolution
		{62327061-B1EF-BB06-DAB1-31EA90CC6FA2}.Debug|Any CPU.ActiveCfg = Debug|Any CPU
		{62327061-B1EF-BB06-DAB1-31EA90CC6FA2}.Debug|Any CPU.Build.0 = Debug|Any CPU
		{62327061-B1EF-BB06-DAB1-31EA90CC6FA2}.Debug|x64.ActiveCfg = Debug|Any CPU
		{62327061-B1EF-BB06-DAB1-31EA90CC6FA2}.Debug|x64.Build.0 = Debug|Any CPU
		{62327061-B1EF-BB06-DAB1-31EA90CC6FA2}.Debug|x86.ActiveCfg = Debug|Any CPU
		{62327061-B1EF-BB06-DAB1-31EA90CC6FA2}.Debug|x86.Build.0 = Debug|Any CPU
		{62327061-B1EF-BB06-DAB1-31EA90CC6FA2}.Release|Any CPU.ActiveCfg = Release|Any CPU
		{62327061-B1EF-BB06-DAB1-31EA90CC6FA2}.Release|Any CPU.Build.0 = Release|Any CPU
		{62327061-B1EF-BB06-DAB1-31EA90CC6FA2}.Release|x64.ActiveCfg = Release|Any CPU
		{62327061-B1EF-BB06-DAB1-31EA90CC6FA2}.Release|x64.Build.0 = Release|Any CPU
		{62327061-B1EF-BB06-DAB1-31EA90CC6FA2}.Release|x86.ActiveCfg = Release|Any CPU
		{62327061-B1EF-BB06-DAB1-31EA90CC6FA2}.Release|x86.Build.0 = Release|Any CPU
		{8C641348-B0A4-45C6-9C55-83DF20C622AE}.Debug|Any CPU.ActiveCfg = Debug|Any CPU
		{8C641348-B0A4-45C6-9C55-83DF20C622AE}.Debug|Any CPU.Build.0 = Debug|Any CPU
		{8C641348-B0A4-45C6-9C55-83DF20C622AE}.Debug|x64.ActiveCfg = Debug|Any CPU
		{8C641348-B0A4-45C6-9C55-83DF20C622AE}.Debug|x64.Build.0 = Debug|Any CPU
		{8C641348-B0A4-45C6-9C55-83DF20C622AE}.Debug|x86.ActiveCfg = Debug|Any CPU
		{8C641348-B0A4-45C6-9C55-83DF20C622AE}.Debug|x86.Build.0 = Debug|Any CPU
		{8C641348-B0A4-45C6-9C55-83DF20C622AE}.Release|Any CPU.ActiveCfg = Release|Any CPU
		{8C641348-B0A4-45C6-9C55-83DF20C622AE}.Release|Any CPU.Build.0 = Release|Any CPU
		{8C641348-B0A4-45C6-9C55-83DF20C622AE}.Release|x64.ActiveCfg = Release|Any CPU
		{8C641348-B0A4-45C6-9C55-83DF20C622AE}.Release|x64.Build.0 = Release|Any CPU
		{8C641348-B0A4-45C6-9C55-83DF20C622AE}.Release|x86.ActiveCfg = Release|Any CPU
		{8C641348-B0A4-45C6-9C55-83DF20C622AE}.Release|x86.Build.0 = Release|Any CPU
		{CA34CA62-29FA-4F28-ABDB-FF50796C38DC}.Debug|Any CPU.ActiveCfg = Debug|Any CPU
		{CA34CA62-29FA-4F28-ABDB-FF50796C38DC}.Debug|Any CPU.Build.0 = Debug|Any CPU
		{CA34CA62-29FA-4F28-ABDB-FF50796C38DC}.Debug|x64.ActiveCfg = Debug|Any CPU
		{CA34CA62-29FA-4F28-ABDB-FF50796C38DC}.Debug|x64.Build.0 = Debug|Any CPU
		{CA34CA62-29FA-4F28-ABDB-FF50796C38DC}.Debug|x86.ActiveCfg = Debug|Any CPU
		{CA34CA62-29FA-4F28-ABDB-FF50796C38DC}.Debug|x86.Build.0 = Debug|Any CPU
		{CA34CA62-29FA-4F28-ABDB-FF50796C38DC}.Release|Any CPU.ActiveCfg = Release|Any CPU
		{CA34CA62-29FA-4F28-ABDB-FF50796C38DC}.Release|Any CPU.Build.0 = Release|Any CPU
		{CA34CA62-29FA-4F28-ABDB-FF50796C38DC}.Release|x64.ActiveCfg = Release|Any CPU
		{CA34CA62-29FA-4F28-ABDB-FF50796C38DC}.Release|x64.Build.0 = Release|Any CPU
		{CA34CA62-29FA-4F28-ABDB-FF50796C38DC}.Release|x86.ActiveCfg = Release|Any CPU
		{CA34CA62-29FA-4F28-ABDB-FF50796C38DC}.Release|x86.Build.0 = Release|Any CPU
		{F1DEFC17-7B2E-4255-A538-3F77067B84EB}.Debug|Any CPU.ActiveCfg = Debug|Any CPU
		{F1DEFC17-7B2E-4255-A538-3F77067B84EB}.Debug|Any CPU.Build.0 = Debug|Any CPU
		{F1DEFC17-7B2E-4255-A538-3F77067B84EB}.Debug|x64.ActiveCfg = Debug|Any CPU
		{F1DEFC17-7B2E-4255-A538-3F77067B84EB}.Debug|x64.Build.0 = Debug|Any CPU
		{F1DEFC17-7B2E-4255-A538-3F77067B84EB}.Debug|x86.ActiveCfg = Debug|Any CPU
		{F1DEFC17-7B2E-4255-A538-3F77067B84EB}.Debug|x86.Build.0 = Debug|Any CPU
		{F1DEFC17-7B2E-4255-A538-3F77067B84EB}.Release|Any CPU.ActiveCfg = Release|Any CPU
		{F1DEFC17-7B2E-4255-A538-3F77067B84EB}.Release|Any CPU.Build.0 = Release|Any CPU
		{F1DEFC17-7B2E-4255-A538-3F77067B84EB}.Release|x64.ActiveCfg = Release|Any CPU
		{F1DEFC17-7B2E-4255-A538-3F77067B84EB}.Release|x64.Build.0 = Release|Any CPU
		{F1DEFC17-7B2E-4255-A538-3F77067B84EB}.Release|x86.ActiveCfg = Release|Any CPU
		{F1DEFC17-7B2E-4255-A538-3F77067B84EB}.Release|x86.Build.0 = Release|Any CPU
		{F221FE1D-C657-408C-9F4A-F9C0DFB8EF61}.Debug|Any CPU.ActiveCfg = Debug|Any CPU
		{F221FE1D-C657-408C-9F4A-F9C0DFB8EF61}.Debug|Any CPU.Build.0 = Debug|Any CPU
		{F221FE1D-C657-408C-9F4A-F9C0DFB8EF61}.Debug|x64.ActiveCfg = Debug|Any CPU
		{F221FE1D-C657-408C-9F4A-F9C0DFB8EF61}.Debug|x64.Build.0 = Debug|Any CPU
		{F221FE1D-C657-408C-9F4A-F9C0DFB8EF61}.Debug|x86.ActiveCfg = Debug|Any CPU
		{F221FE1D-C657-408C-9F4A-F9C0DFB8EF61}.Debug|x86.Build.0 = Debug|Any CPU
		{F221FE1D-C657-408C-9F4A-F9C0DFB8EF61}.Release|Any CPU.ActiveCfg = Release|Any CPU
		{F221FE1D-C657-408C-9F4A-F9C0DFB8EF61}.Release|Any CPU.Build.0 = Release|Any CPU
		{F221FE1D-C657-408C-9F4A-F9C0DFB8EF61}.Release|x64.ActiveCfg = Release|Any CPU
		{F221FE1D-C657-408C-9F4A-F9C0DFB8EF61}.Release|x64.Build.0 = Release|Any CPU
		{F221FE1D-C657-408C-9F4A-F9C0DFB8EF61}.Release|x86.ActiveCfg = Release|Any CPU
		{F221FE1D-C657-408C-9F4A-F9C0DFB8EF61}.Release|x86.Build.0 = Release|Any CPU
		{B95CD4CB-CF98-40D6-96BC-C5911447B7E7}.Debug|Any CPU.ActiveCfg = Debug|Any CPU
		{B95CD4CB-CF98-40D6-96BC-C5911447B7E7}.Debug|Any CPU.Build.0 = Debug|Any CPU
		{B95CD4CB-CF98-40D6-96BC-C5911447B7E7}.Debug|x64.ActiveCfg = Debug|Any CPU
		{B95CD4CB-CF98-40D6-96BC-C5911447B7E7}.Debug|x64.Build.0 = Debug|Any CPU
		{B95CD4CB-CF98-40D6-96BC-C5911447B7E7}.Debug|x86.ActiveCfg = Debug|Any CPU
		{B95CD4CB-CF98-40D6-96BC-C5911447B7E7}.Debug|x86.Build.0 = Debug|Any CPU
		{B95CD4CB-CF98-40D6-96BC-C5911447B7E7}.Release|Any CPU.ActiveCfg = Release|Any CPU
		{B95CD4CB-CF98-40D6-96BC-C5911447B7E7}.Release|Any CPU.Build.0 = Release|Any CPU
		{B95CD4CB-CF98-40D6-96BC-C5911447B7E7}.Release|x64.ActiveCfg = Release|Any CPU
		{B95CD4CB-CF98-40D6-96BC-C5911447B7E7}.Release|x64.Build.0 = Release|Any CPU
		{B95CD4CB-CF98-40D6-96BC-C5911447B7E7}.Release|x86.ActiveCfg = Release|Any CPU
		{B95CD4CB-CF98-40D6-96BC-C5911447B7E7}.Release|x86.Build.0 = Release|Any CPU
		{7447E9BB-417B-41EC-8229-D1FD0DC5E679}.Debug|Any CPU.ActiveCfg = Debug|Any CPU
		{7447E9BB-417B-41EC-8229-D1FD0DC5E679}.Debug|Any CPU.Build.0 = Debug|Any CPU
		{7447E9BB-417B-41EC-8229-D1FD0DC5E679}.Debug|x64.ActiveCfg = Debug|Any CPU
		{7447E9BB-417B-41EC-8229-D1FD0DC5E679}.Debug|x64.Build.0 = Debug|Any CPU
		{7447E9BB-417B-41EC-8229-D1FD0DC5E679}.Debug|x86.ActiveCfg = Debug|Any CPU
		{7447E9BB-417B-41EC-8229-D1FD0DC5E679}.Debug|x86.Build.0 = Debug|Any CPU
		{7447E9BB-417B-41EC-8229-D1FD0DC5E679}.Release|Any CPU.ActiveCfg = Release|Any CPU
		{7447E9BB-417B-41EC-8229-D1FD0DC5E679}.Release|Any CPU.Build.0 = Release|Any CPU
		{7447E9BB-417B-41EC-8229-D1FD0DC5E679}.Release|x64.ActiveCfg = Release|Any CPU
		{7447E9BB-417B-41EC-8229-D1FD0DC5E679}.Release|x64.Build.0 = Release|Any CPU
		{7447E9BB-417B-41EC-8229-D1FD0DC5E679}.Release|x86.ActiveCfg = Release|Any CPU
		{7447E9BB-417B-41EC-8229-D1FD0DC5E679}.Release|x86.Build.0 = Release|Any CPU
		{D1482F7D-73F9-4BD0-B95D-34A2F7748EC3}.Debug|Any CPU.ActiveCfg = Debug|Any CPU
		{D1482F7D-73F9-4BD0-B95D-34A2F7748EC3}.Debug|Any CPU.Build.0 = Debug|Any CPU
		{D1482F7D-73F9-4BD0-B95D-34A2F7748EC3}.Debug|x64.ActiveCfg = Debug|Any CPU
		{D1482F7D-73F9-4BD0-B95D-34A2F7748EC3}.Debug|x64.Build.0 = Debug|Any CPU
		{D1482F7D-73F9-4BD0-B95D-34A2F7748EC3}.Debug|x86.ActiveCfg = Debug|Any CPU
		{D1482F7D-73F9-4BD0-B95D-34A2F7748EC3}.Debug|x86.Build.0 = Debug|Any CPU
		{D1482F7D-73F9-4BD0-B95D-34A2F7748EC3}.Release|Any CPU.ActiveCfg = Release|Any CPU
		{D1482F7D-73F9-4BD0-B95D-34A2F7748EC3}.Release|Any CPU.Build.0 = Release|Any CPU
		{D1482F7D-73F9-4BD0-B95D-34A2F7748EC3}.Release|x64.ActiveCfg = Release|Any CPU
		{D1482F7D-73F9-4BD0-B95D-34A2F7748EC3}.Release|x64.Build.0 = Release|Any CPU
		{D1482F7D-73F9-4BD0-B95D-34A2F7748EC3}.Release|x86.ActiveCfg = Release|Any CPU
		{D1482F7D-73F9-4BD0-B95D-34A2F7748EC3}.Release|x86.Build.0 = Release|Any CPU
	EndGlobalSection
	GlobalSection(SolutionProperties) = preSolution
		HideSolutionNode = FALSE
	EndGlobalSection
	GlobalSection(NestedProjects) = preSolution
		{F221FE1D-C657-408C-9F4A-F9C0DFB8EF61} = {9377C9A4-9916-DFE0-3E54-770A1315010C}
		{B95CD4CB-CF98-40D6-96BC-C5911447B7E7} = {9377C9A4-9916-DFE0-3E54-770A1315010C}
	EndGlobalSection
	GlobalSection(ExtensibilityGlobals) = postSolution
		SolutionGuid = {DDD64B47-9945-4087-AB50-A0B4C1D8016A}
	EndGlobalSection
EndGlobal
